
Microsoft Visual Studio Solution File, Format Version 12.00
# Visual Studio Version 16
VisualStudioVersion = 16.0.31105.61
MinimumVisualStudioVersion = 10.0.40219.1
Project("{FAE04EC0-301F-11D3-BF4B-00C04F79EFBC}") = "BrokenVessel", "BrokenVessel.csproj", "{90877D68-B7DF-4C7B-BCBB-C9B81C429C6D}"
EndProject
Project("{FAE04EC0-301F-11D3-BF4B-00C04F79EFBC}") = "TranCore", "..\TranCore\TranCore.csproj", "{C75D37ED-4B10-4230-9E10-44D26C9F651B}"
EndProject
Global
	GlobalSection(SolutionConfigurationPlatforms) = preSolution
		Debug|Any CPU = Debug|Any CPU
		Release|Any CPU = Release|Any CPU
	EndGlobalSection
	GlobalSection(ProjectConfigurationPlatforms) = postSolution
		{90877D68-B7DF-4C7B-BCBB-C9B81C429C6D}.Debug|Any CPU.ActiveCfg = Debug|Any CPU
		{90877D68-B7DF-4C7B-BCBB-C9B81C429C6D}.Debug|Any CPU.Build.0 = Debug|Any CPU
		{90877D68-B7DF-4C7B-BCBB-C9B81C429C6D}.Release|Any CPU.ActiveCfg = Release|Any CPU
		{90877D68-B7DF-4C7B-BCBB-C9B81C429C6D}.Release|Any CPU.Build.0 = Release|Any CPU
		{C75D37ED-4B10-4230-9E10-44D26C9F651B}.Debug|Any CPU.ActiveCfg = Debug|Any CPU
		{C75D37ED-4B10-4230-9E10-44D26C9F651B}.Debug|Any CPU.Build.0 = Debug|Any CPU
		{C75D37ED-4B10-4230-9E10-44D26C9F651B}.Release|Any CPU.ActiveCfg = Release|Any CPU
		{C75D37ED-4B10-4230-9E10-44D26C9F651B}.Release|Any CPU.Build.0 = Release|Any CPU
	EndGlobalSection
	GlobalSection(SolutionProperties) = preSolution
		HideSolutionNode = FALSE
	EndGlobalSection
	GlobalSection(ExtensibilityGlobals) = postSolution
		SolutionGuid = {BF9A7835-9974-4A99-8E76-209202C8B9AE}
	EndGlobalSection
EndGlobal
